github.com/gohouse/golib v0.0.0-20200227070740-c868bc352ec6 h1:UZ6z76KHiXGEs3LLh1laIBxFKYF3GszsMDFqQ7093vM=
github.com/gohouse/golib v0.0.0-20200227070740-c868bc352ec6/go.mod h1:vmdaq+BhbCa1eT8Ne3BkhFrucm7mmTVVCiKFgIo6okM=
github.com/mattn/go-sqlite3 v1.10.0 h1:jbhqpg7tQe4SupckyijYiy0mJJ/pRyHvXf7JdWK860o=
github.com/mattn/go-sqlite3 v1.10.0/go.mod h1:FPy6KqzDD04eiIsT53CuJW3U88zkxoIYsOqkbpncsNc=
